
Microsoft Visual Studio Solution File, Format Version 12.00
# Visual Studio Version 17
VisualStudioVersion = 17.3.32825.248
MinimumVisualStudioVersion = 10.0.40219.1
Project("{FAE04EC0-301F-11D3-BF4B-00C04F79EFBC}") = "TeacherApp.UWP", "TeacherApp\TeacherApp.UWP\TeacherApp.UWP.csproj", "{8F8A45DA-6C53-4594-AC52-A2D76EA824C9}"
EndProject
Project("{FAE04EC0-301F-11D3-BF4B-00C04F79EFBC}") = "TeacherApp.Android", "TeacherApp\TeacherApp.Android\TeacherApp.Android.csproj", "{F09F5670-D7DA-4585-8340-69D701119816}"
EndProject
Project("{FAE04EC0-301F-11D3-BF4B-00C04F79EFBC}") = "TeacherApp.iOS", "TeacherApp\TeacherApp.iOS\TeacherApp.iOS.csproj", "{57D5D217-C4ED-411A-B844-F9048BA2F261}"
EndProject
Project("{FAE04EC0-301F-11D3-BF4B-00C04F79EFBC}") = "TeacherApp", "TeacherApp\TeacherApp\TeacherApp.csproj", "{C865A01F-D97D-438B-A3A7-D909CCC52DCB}"
EndProject
Global
	GlobalSection(SolutionConfigurationPlatforms) = preSolution
		Debug|Any CPU = Debug|Any CPU
		Debug|ARM = Debug|ARM
		Debug|iPhone = Debug|iPhone
		Debug|iPhoneSimulator = Debug|iPhoneSimulator
		Debug|x64 = Debug|x64
		Debug|x86 = Debug|x86
		Release|Any CPU = Release|Any CPU
		Release|ARM = Release|ARM
		Release|iPhone = Release|iPhone
		Release|iPhoneSimulator = Release|iPhoneSimulator
		Release|x64 = Release|x64
		Release|x86 = Release|x86
	EndGlobalSection
	GlobalSection(ProjectConfigurationPlatforms) = postSolution
		{8F8A45DA-6C53-4594-AC52-A2D76EA824C9}.Debug|Any CPU.ActiveCfg = Debug|x64
		{8F8A45DA-6C53-4594-AC52-A2D76EA824C9}.Debug|Any CPU.Build.0 = Debug|x64
		{8F8A45DA-6C53-4594-AC52-A2D76EA824C9}.Debug|Any CPU.Deploy.0 = Debug|x64
		{8F8A45DA-6C53-4594-AC52-A2D76EA824C9}.Debug|ARM.ActiveCfg = Debug|ARM
		{8F8A45DA-6C53-4594-AC52-A2D76EA824C9}.Debug|ARM.Build.0 = Debug|ARM
		{8F8A45DA-6C53-4594-AC52-A2D76EA824C9}.Debug|ARM.Deploy.0 = Debug|ARM
		{8F8A45DA-6C53-4594-AC52-A2D76EA824C9}.Debug|iPhone.ActiveCfg = Debug|x64
		{8F8A45DA-6C53-4594-AC52-A2D76EA824C9}.Debug|iPhone.Build.0 = Debug|x64
		{8F8A45DA-6C53-4594-AC52-A2D76EA824C9}.Debug|iPhone.Deploy.0 = Debug|x64
		{8F8A45DA-6C53-4594-AC52-A2D76EA824C9}.Debug|iPhoneSimulator.ActiveCfg = Debug|x64
		{8F8A45DA-6C53-4594-AC52-A2D76EA824C9}.Debug|iPhoneSimulator.Build.0 = Debug|x64
		{8F8A45DA-6C53-4594-AC52-A2D76EA824C9}.Debug|iPhoneSimulator.Deploy.0 = Debug|x64
		{8F8A45DA-6C53-4594-AC52-A2D76EA824C9}.Debug|x64.ActiveCfg = Debug|x64
		{8F8A45DA-6C53-4594-AC52-A2D76EA824C9}.Debug|x64.Build.0 = Debug|x64
		{8F8A45DA-6C53-4594-AC52-A2D76EA824C9}.Debug|x64.Deploy.0 = Debug|x64
		{8F8A45DA-6C53-4594-AC52-A2D76EA824C9}.Debug|x86.ActiveCfg = Debug|x86
		{8F8A45DA-6C53-4594-AC52-A2D76EA824C9}.Debug|x86.Build.0 = Debug|x86
		{8F8A45DA-6C53-4594-AC52-A2D76EA824C9}.Debug|x86.Deploy.0 = Debug|x86
		{8F8A45DA-6C53-4594-AC52-A2D76EA824C9}.Release|Any CPU.ActiveCfg = Release|x64
		{8F8A45DA-6C53-4594-AC52-A2D76EA824C9}.Release|Any CPU.Build.0 = Release|x64
		{8F8A45DA-6C53-4594-AC52-A2D76EA824C9}.Release|Any CPU.Deploy.0 = Release|x64
		{8F8A45DA-6C53-4594-AC52-A2D76EA824C9}.Release|ARM.ActiveCfg = Release|ARM
		{8F8A45DA-6C53-4594-AC52-A2D76EA824C9}.Release|ARM.Build.0 = Release|ARM
		{8F8A45DA-6C53-4594-AC52-A2D76EA824C9}.Release|ARM.Deploy.0 = Release|ARM
		{8F8A45DA-6C53-4594-AC52-A2D76EA824C9}.Release|iPhone.ActiveCfg = Release|x64
		{8F8A45DA-6C53-4594-AC52-A2D76EA824C9}.Release|iPhone.Build.0 = Release|x64
		{8F8A45DA-6C53-4594-AC52-A2D76EA824C9}.Release|iPhone.Deploy.0 = Release|x64
		{8F8A45DA-6C53-4594-AC52-A2D76EA824C9}.Release|iPhoneSimulator.ActiveCfg = Release|x64
		{8F8A45DA-6C53-4594-AC52-A2D76EA824C9}.Release|iPhoneSimulator.Build.0 = Release|x64
		{8F8A45DA-6C53-4594-AC52-A2D76EA824C9}.Release|iPhoneSimulator.Deploy.0 = Release|x64
		{8F8A45DA-6C53-4594-AC52-A2D76EA824C9}.Release|x64.ActiveCfg = Release|x64
		{8F8A45DA-6C53-4594-AC52-A2D76EA824C9}.Release|x64.Build.0 = Release|x64
		{8F8A45DA-6C53-4594-AC52-A2D76EA824C9}.Release|x64.Deploy.0 = Release|x64
		{8F8A45DA-6C53-4594-AC52-A2D76EA824C9}.Release|x86.ActiveCfg = Release|x86
		{8F8A45DA-6C53-4594-AC52-A2D76EA824C9}.Release|x86.Build.0 = Release|x86
		{8F8A45DA-6C53-4594-AC52-A2D76EA824C9}.Release|x86.Deploy.0 = Release|x86
		{F09F5670-D7DA-4585-8340-69D701119816}.Debug|Any CPU.ActiveCfg = Debug|Any CPU
		{F09F5670-D7DA-4585-8340-69D701119816}.Debug|Any CPU.Build.0 = Debug|Any CPU
		{F09F5670-D7DA-4585-8340-69D701119816}.Debug|Any CPU.Deploy.0 = Debug|Any CPU
		{F09F5670-D7DA-4585-8340-69D701119816}.Debug|ARM.ActiveCfg = Debug|Any CPU
		{F09F5670-D7DA-4585-8340-69D701119816}.Debug|ARM.Build.0 = Debug|Any CPU
		{F09F5670-D7DA-4585-8340-69D701119816}.Debug|ARM.Deploy.0 = Debug|Any CPU
		{F09F5670-D7DA-4585-8340-69D701119816}.Debug|iPhone.ActiveCfg = Debug|Any CPU
		{F09F5670-D7DA-4585-8340-69D701119816}.Debug|iPhone.Build.0 = Debug|Any CPU
		{F09F5670-D7DA-4585-8340-69D701119816}.Debug|iPhone.Deploy.0 = Debug|Any CPU
		{F09F5670-D7DA-4585-8340-69D701119816}.Debug|iPhoneSimulator.ActiveCfg = Debug|Any CPU
		{F09F5670-D7DA-4585-8340-69D701119816}.Debug|iPhoneSimulator.Build.0 = Debug|Any CPU
		{F09F5670-D7DA-4585-8340-69D701119816}.Debug|iPhoneSimulator.Deploy.0 = Debug|Any CPU
		{F09F5670-D7DA-4585-8340-69D701119816}.Debug|x64.ActiveCfg = Debug|Any CPU
		{F09F5670-D7DA-4585-8340-69D701119816}.Debug|x64.Build.0 = Debug|Any CPU
		{F09F5670-D7DA-4585-8340-69D701119816}.Debug|x64.Deploy.0 = Debug|Any CPU
		{F09F5670-D7DA-4585-8340-69D701119816}.Debug|x86.ActiveCfg = Debug|Any CPU
		{F09F5670-D7DA-4585-8340-69D701119816}.Debug|x86.Build.0 = Debug|Any CPU
		{F09F5670-D7DA-4585-8340-69D701119816}.Debug|x86.Deploy.0 = Debug|Any CPU
		{F09F5670-D7DA-4585-8340-69D701119816}.Release|Any CPU.ActiveCfg = Release|Any CPU
		{F09F5670-D7DA-4585-8340-69D701119816}.Release|Any CPU.Build.0 = Release|Any CPU
		{F09F5670-D7DA-4585-8340-69D701119816}.Release|Any CPU.Deploy.0 = Release|Any CPU
		{F09F5670-D7DA-4585-8340-69D701119816}.Release|ARM.ActiveCfg = Release|Any CPU
		{F09F5670-D7DA-4585-8340-69D701119816}.Release|ARM.Build.0 = Release|Any CPU
		{F09F5670-D7DA-4585-8340-69D701119816}.Release|ARM.Deploy.0 = Release|Any CPU
		{F09F5670-D7DA-4585-8340-69D701119816}.Release|iPhone.ActiveCfg = Release|Any CPU
		{F09F5670-D7DA-4585-8340-69D701119816}.Release|iPhone.Build.0 = Release|Any CPU
		{F09F5670-D7DA-4585-8340-69D701119816}.Release|iPhone.Deploy.0 = Release|Any CPU
		{F09F5670-D7DA-4585-8340-69D701119816}.Release|iPhoneSimulator.ActiveCfg = Release|Any CPU
		{F09F5670-D7DA-4585-8340-69D701119816}.Release|iPhoneSimulator.Build.0 = Release|Any CPU
		{F09F5670-D7DA-4585-8340-69D701119816}.Release|iPhoneSimulator.Deploy.0 = Release|Any CPU
		{F09F5670-D7DA-4585-8340-69D701119816}.Release|x64.ActiveCfg = Release|Any CPU
		{F09F5670-D7DA-4585-8340-69D701119816}.Release|x64.Build.0 = Release|Any CPU
		{F09F5670-D7DA-4585-8340-69D701119816}.Release|x64.Deploy.0 = Release|Any CPU
		{F09F5670-D7DA-4585-8340-69D701119816}.Release|x86.ActiveCfg = Release|Any CPU
		{F09F5670-D7DA-4585-8340-69D701119816}.Release|x86.Build.0 = Release|Any CPU
		{F09F5670-D7DA-4585-8340-69D701119816}.Release|x86.Deploy.0 = Release|Any CPU
		{57D5D217-C4ED-411A-B844-F9048BA2F261}.Debug|Any CPU.ActiveCfg = Debug|iPhoneSimulator
		{57D5D217-C4ED-411A-B844-F9048BA2F261}.Debug|Any CPU.Build.0 = Debug|iPhoneSimulator
		{57D5D217-C4ED-411A-B844-F9048BA2F261}.Debug|Any CPU.Deploy.0 = Debug|iPhoneSimulator
		{57D5D217-C4ED-411A-B844-F9048BA2F261}.Debug|ARM.ActiveCfg = Debug|iPhoneSimulator
		{57D5D217-C4ED-411A-B844-F9048BA2F261}.Debug|ARM.Build.0 = Debug|iPhoneSimulator
		{57D5D217-C4ED-411A-B844-F9048BA2F261}.Debug|ARM.Deploy.0 = Debug|iPhoneSimulator
		{57D5D217-C4ED-411A-B844-F9048BA2F261}.Debug|iPhone.ActiveCfg = Debug|iPhone
		{57D5D217-C4ED-411A-B844-F9048BA2F261}.Debug|iPhone.Build.0 = Debug|iPhone
		{57D5D217-C4ED-411A-B844-F9048BA2F261}.Debug|iPhone.Deploy.0 = Debug|iPhone
		{57D5D217-C4ED-411A-B844-F9048BA2F261}.Debug|iPhoneSimulator.ActiveCfg = Debug|iPhoneSimulator
		{57D5D217-C4ED-411A-B844-F9048BA2F261}.Debug|iPhoneSimulator.Build.0 = Debug|iPhoneSimulator
		{57D5D217-C4ED-411A-B844-F9048BA2F261}.Debug|iPhoneSimulator.Deploy.0 = Debug|iPhoneSimulator
		{57D5D217-C4ED-411A-B844-F9048BA2F261}.Debug|x64.ActiveCfg = Debug|iPhone
		{57D5D217-C4ED-411A-B844-F9048BA2F261}.Debug|x64.Build.0 = Debug|iPhone
		{57D5D217-C4ED-411A-B844-F9048BA2F261}.Debug|x64.Deploy.0 = Debug|iPhone
		{57D5D217-C4ED-411A-B844-F9048BA2F261}.Debug|x86.ActiveCfg = Debug|iPhoneSimulator
		{57D5D217-C4ED-411A-B844-F9048BA2F261}.Debug|x86.Build.0 = Debug|iPhoneSimulator
		{57D5D217-C4ED-411A-B844-F9048BA2F261}.Debug|x86.Deploy.0 = Debug|iPhoneSimulator
		{57D5D217-C4ED-411A-B844-F9048BA2F261}.Release|Any CPU.ActiveCfg = Release|iPhoneSimulator
		{57D5D217-C4ED-411A-B844-F9048BA2F261}.Release|Any CPU.Build.0 = Release|iPhoneSimulator
		{57D5D217-C4ED-411A-B844-F9048BA2F261}.Release|Any CPU.Deploy.0 = Release|iPhoneSimulator
		{57D5D217-C4ED-411A-B844-F9048BA2F261}.Release|ARM.ActiveCfg = Release|iPhoneSimulator
		{57D5D217-C4ED-411A-B844-F9048BA2F261}.Release|ARM.Build.0 = Release|iPhoneSimulator
		{57D5D217-C4ED-411A-B844-F9048BA2F261}.Release|ARM.Deploy.0 = Release|iPhoneSimulator
		{57D5D217-C4ED-411A-B844-F9048BA2F261}.Release|iPhone.ActiveCfg = Release|iPhone
		{57D5D217-C4ED-411A-B844-F9048BA2F261}.Release|iPhone.Build.0 = Release|iPhone
		{57D5D217-C4ED-411A-B844-F9048BA2F261}.Release|iPhone.Deploy.0 = Release|iPhone
		{57D5D217-C4ED-411A-B844-F9048BA2F261}.Release|iPhoneSimulator.ActiveCfg = Release|iPhoneSimulator
		{57D5D217-C4ED-411A-B844-F9048BA2F261}.Release|iPhoneSimulator.Build.0 = Release|iPhoneSimulator
		{57D5D217-C4ED-411A-B844-F9048BA2F261}.Release|iPhoneSimulator.Deploy.0 = Release|iPhoneSimulator
		{57D5D217-C4ED-411A-B844-F9048BA2F261}.Release|x64.ActiveCfg = Release|iPhoneSimulator
		{57D5D217-C4ED-411A-B844-F9048BA2F261}.Release|x64.Build.0 = Release|iPhoneSimulator
		{57D5D217-C4ED-411A-B844-F9048BA2F261}.Release|x64.Deploy.0 = Release|iPhoneSimulator
		{57D5D217-C4ED-411A-B844-F9048BA2F261}.Release|x86.ActiveCfg = Release|iPhoneSimulator
		{57D5D217-C4ED-411A-B844-F9048BA2F261}.Release|x86.Build.0 = Release|iPhoneSimulator
		{57D5D217-C4ED-411A-B844-F9048BA2F261}.Release|x86.Deploy.0 = Release|iPhoneSimulator
		{C865A01F-D97D-438B-A3A7-D909CCC52DCB}.Debug|Any CPU.ActiveCfg = Debug|Any CPU
		{C865A01F-D97D-438B-A3A7-D909CCC52DCB}.Debug|Any CPU.Build.0 = Debug|Any CPU
		{C865A01F-D97D-438B-A3A7-D909CCC52DCB}.Debug|Any CPU.Deploy.0 = Debug|Any CPU
		{C865A01F-D97D-438B-A3A7-D909CCC52DCB}.Debug|ARM.ActiveCfg = Debug|Any CPU
		{C865A01F-D97D-438B-A3A7-D909CCC52DCB}.Debug|ARM.Build.0 = Debug|Any CPU
		{C865A01F-D97D-438B-A3A7-D909CCC52DCB}.Debug|ARM.Deploy.0 = Debug|Any CPU
		{C865A01F-D97D-438B-A3A7-D909CCC52DCB}.Debug|iPhone.ActiveCfg = Debug|Any CPU
		{C865A01F-D97D-438B-A3A7-D909CCC52DCB}.Debug|iPhone.Build.0 = Debug|Any CPU
		{C865A01F-D97D-438B-A3A7-D909CCC52DCB}.Debug|iPhone.Deploy.0 = Debug|Any CPU
		{C865A01F-D97D-438B-A3A7-D909CCC52DCB}.Debug|iPhoneSimulator.ActiveCfg = Debug|Any CPU
		{C865A01F-D97D-438B-A3A7-D909CCC52DCB}.Debug|iPhoneSimulator.Build.0 = Debug|Any CPU
		{C865A01F-D97D-438B-A3A7-D909CCC52DCB}.Debug|iPhoneSimulator.Deploy.0 = Debug|Any CPU
		{C865A01F-D97D-438B-A3A7-D909CCC52DCB}.Debug|x64.ActiveCfg = Debug|Any CPU
		{C865A01F-D97D-438B-A3A7-D909CCC52DCB}.Debug|x64.Build.0 = Debug|Any CPU
		{C865A01F-D97D-438B-A3A7-D909CCC52DCB}.Debug|x64.Deploy.0 = Debug|Any CPU
		{C865A01F-D97D-438B-A3A7-D909CCC52DCB}.Debug|x86.ActiveCfg = Debug|Any CPU
		{C865A01F-D97D-438B-A3A7-D909CCC52DCB}.Debug|x86.Build.0 = Debug|Any CPU
		{C865A01F-D97D-438B-A3A7-D909CCC52DCB}.Debug|x86.Deploy.0 = Debug|Any CPU
		{C865A01F-D97D-438B-A3A7-D909CCC52DCB}.Release|Any CPU.ActiveCfg = Release|Any CPU
		{C865A01F-D97D-438B-A3A7-D909CCC52DCB}.Release|Any CPU.Build.0 = Release|Any CPU
		{C865A01F-D97D-438B-A3A7-D909CCC52DCB}.Release|Any CPU.Deploy.0 = Release|Any CPU
		{C865A01F-D97D-438B-A3A7-D909CCC52DCB}.Release|ARM.ActiveCfg = Release|Any CPU
		{C865A01F-D97D-438B-A3A7-D909CCC52DCB}.Release|ARM.Build.0 = Release|Any CPU
		{C865A01F-D97D-438B-A3A7-D909CCC52DCB}.Release|ARM.Deploy.0 = Release|Any CPU
		{C865A01F-D97D-438B-A3A7-D909CCC52DCB}.Release|iPhone.ActiveCfg = Release|Any CPU
		{C865A01F-D97D-438B-A3A7-D909CCC52DCB}.Release|iPhone.Build.0 = Release|Any CPU
		{C865A01F-D97D-438B-A3A7-D909CCC52DCB}.Release|iPhone.Deploy.0 = Release|Any CPU
		{C865A01F-D97D-438B-A3A7-D909CCC52DCB}.Release|iPhoneSimulator.ActiveCfg = Release|Any CPU
		{C865A01F-D97D-438B-A3A7-D909CCC52DCB}.Release|iPhoneSimulator.Build.0 = Release|Any CPU
		{C865A01F-D97D-438B-A3A7-D909CCC52DCB}.Release|iPhoneSimulator.Deploy.0 = Release|Any CPU
		{C865A01F-D97D-438B-A3A7-D909CCC52DCB}.Release|x64.ActiveCfg = Release|Any CPU
		{C865A01F-D97D-438B-A3A7-D909CCC52DCB}.Release|x64.Build.0 = Release|Any CPU
		{C865A01F-D97D-438B-A3A7-D909CCC52DCB}.Release|x64.Deploy.0 = Release|Any CPU
		{C865A01F-D97D-438B-A3A7-D909CCC52DCB}.Release|x86.ActiveCfg = Release|Any CPU
		{C865A01F-D97D-438B-A3A7-D909CCC52DCB}.Release|x86.Build.0 = Release|Any CPU
		{C865A01F-D97D-438B-A3A7-D909CCC52DCB}.Release|x86.Deploy.0 = Release|Any CPU
	EndGlobalSection
	GlobalSection(SolutionProperties) = preSolution
		HideSolutionNode = FALSE
	EndGlobalSection
	GlobalSection(ExtensibilityGlobals) = postSolution
		SolutionGuid = {52F752E4-74D3-414A-84B2-19E660308C70}
	EndGlobalSection
EndGlobal
